
Microsoft Visual Studio Solution File, Format Version 12.00
# Visual Studio Version 16
VisualStudioVersion = 16.0.30011.22
MinimumVisualStudioVersion = 10.0.40219.1
Project("{FAE04EC0-301F-11D3-BF4B-00C04F79EFBC}") = "WinformUI", "WinformUI\WinformUI.csproj", "{4604AC78-31D4-442B-B6DE-60B230E34180}"
EndProject
Project("{FAE04EC0-301F-11D3-BF4B-00C04F79EFBC}") = "Data", "Data\Data.csproj", "{553053BE-644A-43FD-AEF7-F435C069816A}"
EndProject
Project("{FAE04EC0-301F-11D3-BF4B-00C04F79EFBC}") = "Common", "Common\Common.csproj", "{8CFD75A8-8768-4CE5-A4FD-1523DE8A0CF1}"
EndProject
Project("{FAE04EC0-301F-11D3-BF4B-00C04F79EFBC}") = "Communication", "Communication\Communication.csproj", "{D8842320-3889-4BEB-A00B-065060E5C074}"
EndProject
Project("{FAE04EC0-301F-11D3-BF4B-00C04F79EFBC}") = "Helper", "Helper\Helper.csproj", "{311D9E67-EC00-4EA5-996A-99172B395277}"
EndProject
Project("{FAE04EC0-301F-11D3-BF4B-00C04F79EFBC}") = "Server", "Server\Server.csproj", "{E5CCC9C7-DD27-4442-A720-4EE1839D81B9}"
EndProject
Project("{FAE04EC0-301F-11D3-BF4B-00C04F79EFBC}") = "GameEngine", "GameEngine\GameEngine.csproj", "{9670B6CB-A01E-4E41-94ED-20CC04210CFF}"
EndProject
Global
	GlobalSection(SolutionConfigurationPlatforms) = preSolution
		Debug|Any CPU = Debug|Any CPU
		Release|Any CPU = Release|Any CPU
	EndGlobalSection
	GlobalSection(ProjectConfigurationPlatforms) = postSolution
		{4604AC78-31D4-442B-B6DE-60B230E34180}.Debug|Any CPU.ActiveCfg = Debug|Any CPU
		{4604AC78-31D4-442B-B6DE-60B230E34180}.Debug|Any CPU.Build.0 = Debug|Any CPU
		{4604AC78-31D4-442B-B6DE-60B230E34180}.Release|Any CPU.ActiveCfg = Release|Any CPU
		{4604AC78-31D4-442B-B6DE-60B230E34180}.Release|Any CPU.Build.0 = Release|Any CPU
		{553053BE-644A-43FD-AEF7-F435C069816A}.Debug|Any CPU.ActiveCfg = Debug|Any CPU
		{553053BE-644A-43FD-AEF7-F435C069816A}.Debug|Any CPU.Build.0 = Debug|Any CPU
		{553053BE-644A-43FD-AEF7-F435C069816A}.Release|Any CPU.ActiveCfg = Release|Any CPU
		{553053BE-644A-43FD-AEF7-F435C069816A}.Release|Any CPU.Build.0 = Release|Any CPU
		{8CFD75A8-8768-4CE5-A4FD-1523DE8A0CF1}.Debug|Any CPU.ActiveCfg = Debug|Any CPU
		{8CFD75A8-8768-4CE5-A4FD-1523DE8A0CF1}.Debug|Any CPU.Build.0 = Debug|Any CPU
		{8CFD75A8-8768-4CE5-A4FD-1523DE8A0CF1}.Release|Any CPU.ActiveCfg = Release|Any CPU
		{8CFD75A8-8768-4CE5-A4FD-1523DE8A0CF1}.Release|Any CPU.Build.0 = Release|Any CPU
		{D8842320-3889-4BEB-A00B-065060E5C074}.Debug|Any CPU.ActiveCfg = Debug|Any CPU
		{D8842320-3889-4BEB-A00B-065060E5C074}.Debug|Any CPU.Build.0 = Debug|Any CPU
		{D8842320-3889-4BEB-A00B-065060E5C074}.Release|Any CPU.ActiveCfg = Release|Any CPU
		{D8842320-3889-4BEB-A00B-065060E5C074}.Release|Any CPU.Build.0 = Release|Any CPU
		{311D9E67-EC00-4EA5-996A-99172B395277}.Debug|Any CPU.ActiveCfg = Debug|Any CPU
		{311D9E67-EC00-4EA5-996A-99172B395277}.Debug|Any CPU.Build.0 = Debug|Any CPU
		{311D9E67-EC00-4EA5-996A-99172B395277}.Release|Any CPU.ActiveCfg = Release|Any CPU
		{311D9E67-EC00-4EA5-996A-99172B395277}.Release|Any CPU.Build.0 = Release|Any CPU
		{E5CCC9C7-DD27-4442-A720-4EE1839D81B9}.Debug|Any CPU.ActiveCfg = Debug|Any CPU
		{E5CCC9C7-DD27-4442-A720-4EE1839D81B9}.Debug|Any CPU.Build.0 = Debug|Any CPU
		{E5CCC9C7-DD27-4442-A720-4EE1839D81B9}.Release|Any CPU.ActiveCfg = Release|Any CPU
		{E5CCC9C7-DD27-4442-A720-4EE1839D81B9}.Release|Any CPU.Build.0 = Release|Any CPU
		{9670B6CB-A01E-4E41-94ED-20CC04210CFF}.Debug|Any CPU.ActiveCfg = Debug|Any CPU
		{9670B6CB-A01E-4E41-94ED-20CC04210CFF}.Debug|Any CPU.Build.0 = Debug|Any CPU
		{9670B6CB-A01E-4E41-94ED-20CC04210CFF}.Release|Any CPU.ActiveCfg = Release|Any CPU
		{9670B6CB-A01E-4E41-94ED-20CC04210CFF}.Release|Any CPU.Build.0 = Release|Any CPU
	EndGlobalSection
	GlobalSection(SolutionProperties) = preSolution
		HideSolutionNode = FALSE
	EndGlobalSection
	GlobalSection(ExtensibilityGlobals) = postSolution
		SolutionGuid = {4A44AE26-4BB4-43FF-89F9-C65E4D797673}
	EndGlobalSection
EndGlobal
