
Microsoft Visual Studio Solution File, Format Version 12.00
# Visual Studio Version 16
VisualStudioVersion = 16.0.30011.22
MinimumVisualStudioVersion = 10.0.40219.1
Project("{FAE04EC0-301F-11D3-BF4B-00C04F79EFBC}") = "WinformUI", "WinformUI\WinformUI.csproj", "{4604AC78-31D4-442B-B6DE-60B230E34180}"
EndProject
Project("{FAE04EC0-301F-11D3-BF4B-00C04F79EFBC}") = "Data", "Data\Data.csproj", "{8E1AD5EB-6791-41F7-B479-E533C65A6F82}"
EndProject
Global
	GlobalSection(SolutionConfigurationPlatforms) = preSolution
		Debug|Any CPU = Debug|Any CPU
		Release|Any CPU = Release|Any CPU
	EndGlobalSection
	GlobalSection(ProjectConfigurationPlatforms) = postSolution
		{4604AC78-31D4-442B-B6DE-60B230E34180}.Debug|Any CPU.ActiveCfg = Debug|Any CPU
		{4604AC78-31D4-442B-B6DE-60B230E34180}.Debug|Any CPU.Build.0 = Debug|Any CPU
		{4604AC78-31D4-442B-B6DE-60B230E34180}.Release|Any CPU.ActiveCfg = Release|Any CPU
		{4604AC78-31D4-442B-B6DE-60B230E34180}.Release|Any CPU.Build.0 = Release|Any CPU
		{8E1AD5EB-6791-41F7-B479-E533C65A6F82}.Debug|Any CPU.ActiveCfg = Debug|Any CPU
		{8E1AD5EB-6791-41F7-B479-E533C65A6F82}.Debug|Any CPU.Build.0 = Debug|Any CPU
		{8E1AD5EB-6791-41F7-B479-E533C65A6F82}.Release|Any CPU.ActiveCfg = Release|Any CPU
		{8E1AD5EB-6791-41F7-B479-E533C65A6F82}.Release|Any CPU.Build.0 = Release|Any CPU
	EndGlobalSection
	GlobalSection(SolutionProperties) = preSolution
		HideSolutionNode = FALSE
	EndGlobalSection
	GlobalSection(ExtensibilityGlobals) = postSolution
		SolutionGuid = {4A44AE26-4BB4-43FF-89F9-C65E4D797673}
	EndGlobalSection
EndGlobal
