
Microsoft Visual Studio Solution File, Format Version 12.00
# Visual Studio Version 16
VisualStudioVersion = 16.0.30011.22
MinimumVisualStudioVersion = 10.0.40219.1
Project("{FAE04EC0-301F-11D3-BF4B-00C04F79EFBC}") = "WinformUI", "WinformUI\WinformUI.csproj", "{4604AC78-31D4-442B-B6DE-60B230E34180}"
EndProject
Project("{FAE04EC0-301F-11D3-BF4B-00C04F79EFBC}") = "Data", "Data\Data.csproj", "{553053BE-644A-43FD-AEF7-F435C069816A}"
EndProject
Project("{FAE04EC0-301F-11D3-BF4B-00C04F79EFBC}") = "GameEngine", "GameEngine\GameEngine.csproj", "{A8FF7CB4-F892-46A8-B465-437317E8E4CF}"
EndProject
Project("{FAE04EC0-301F-11D3-BF4B-00C04F79EFBC}") = "Common", "Common\Common.csproj", "{8CFD75A8-8768-4CE5-A4FD-1523DE8A0CF1}"
EndProject
Project("{FAE04EC0-301F-11D3-BF4B-00C04F79EFBC}") = "ServerTest", "ServerTest\ServerTest.csproj", "{8C21E05E-21D8-4CA6-B43A-875719DB6371}"
EndProject
Project("{FAE04EC0-301F-11D3-BF4B-00C04F79EFBC}") = "ClientTest", "ClientTest\ClientTest.csproj", "{2FB733E7-4794-45B9-9D1F-C33D4DE436B4}"
EndProject
Global
	GlobalSection(SolutionConfigurationPlatforms) = preSolution
		Debug|Any CPU = Debug|Any CPU
		Release|Any CPU = Release|Any CPU
	EndGlobalSection
	GlobalSection(ProjectConfigurationPlatforms) = postSolution
		{4604AC78-31D4-442B-B6DE-60B230E34180}.Debug|Any CPU.ActiveCfg = Debug|Any CPU
		{4604AC78-31D4-442B-B6DE-60B230E34180}.Debug|Any CPU.Build.0 = Debug|Any CPU
		{4604AC78-31D4-442B-B6DE-60B230E34180}.Release|Any CPU.ActiveCfg = Release|Any CPU
		{4604AC78-31D4-442B-B6DE-60B230E34180}.Release|Any CPU.Build.0 = Release|Any CPU
		{553053BE-644A-43FD-AEF7-F435C069816A}.Debug|Any CPU.ActiveCfg = Debug|Any CPU
		{553053BE-644A-43FD-AEF7-F435C069816A}.Debug|Any CPU.Build.0 = Debug|Any CPU
		{553053BE-644A-43FD-AEF7-F435C069816A}.Release|Any CPU.ActiveCfg = Release|Any CPU
		{553053BE-644A-43FD-AEF7-F435C069816A}.Release|Any CPU.Build.0 = Release|Any CPU
		{A8FF7CB4-F892-46A8-B465-437317E8E4CF}.Debug|Any CPU.ActiveCfg = Debug|Any CPU
		{A8FF7CB4-F892-46A8-B465-437317E8E4CF}.Debug|Any CPU.Build.0 = Debug|Any CPU
		{A8FF7CB4-F892-46A8-B465-437317E8E4CF}.Release|Any CPU.ActiveCfg = Release|Any CPU
		{A8FF7CB4-F892-46A8-B465-437317E8E4CF}.Release|Any CPU.Build.0 = Release|Any CPU
		{8CFD75A8-8768-4CE5-A4FD-1523DE8A0CF1}.Debug|Any CPU.ActiveCfg = Debug|Any CPU
		{8CFD75A8-8768-4CE5-A4FD-1523DE8A0CF1}.Debug|Any CPU.Build.0 = Debug|Any CPU
		{8CFD75A8-8768-4CE5-A4FD-1523DE8A0CF1}.Release|Any CPU.ActiveCfg = Release|Any CPU
		{8CFD75A8-8768-4CE5-A4FD-1523DE8A0CF1}.Release|Any CPU.Build.0 = Release|Any CPU
		{8C21E05E-21D8-4CA6-B43A-875719DB6371}.Debug|Any CPU.ActiveCfg = Debug|Any CPU
		{8C21E05E-21D8-4CA6-B43A-875719DB6371}.Debug|Any CPU.Build.0 = Debug|Any CPU
		{8C21E05E-21D8-4CA6-B43A-875719DB6371}.Release|Any CPU.ActiveCfg = Release|Any CPU
		{8C21E05E-21D8-4CA6-B43A-875719DB6371}.Release|Any CPU.Build.0 = Release|Any CPU
		{2FB733E7-4794-45B9-9D1F-C33D4DE436B4}.Debug|Any CPU.ActiveCfg = Debug|Any CPU
		{2FB733E7-4794-45B9-9D1F-C33D4DE436B4}.Debug|Any CPU.Build.0 = Debug|Any CPU
		{2FB733E7-4794-45B9-9D1F-C33D4DE436B4}.Release|Any CPU.ActiveCfg = Release|Any CPU
		{2FB733E7-4794-45B9-9D1F-C33D4DE436B4}.Release|Any CPU.Build.0 = Release|Any CPU
	EndGlobalSection
	GlobalSection(SolutionProperties) = preSolution
		HideSolutionNode = FALSE
	EndGlobalSection
	GlobalSection(ExtensibilityGlobals) = postSolution
		SolutionGuid = {4A44AE26-4BB4-43FF-89F9-C65E4D797673}
	EndGlobalSection
EndGlobal
